
Microsoft Visual Studio Solution File, Format Version 12.00
# Visual Studio 15
VisualStudioVersion = 15.0.28010.2036
MinimumVisualStudioVersion = 10.0.40219.1
Project("{FAE04EC0-301F-11D3-BF4B-00C04F79EFBC}") = "Interfaces", "Interfaces\Interfaces.csproj", "{C05F9978-727A-4B64-9CC6-083CABE3FC20}"
EndProject
Global
	GlobalSection(SolutionConfigurationPlatforms) = preSolution
		Debug|Any CPU = Debug|Any CPU
		Release|Any CPU = Release|Any CPU
	EndGlobalSection
	GlobalSection(ProjectConfigurationPlatforms) = postSolution
		{C05F9978-727A-4B64-9CC6-083CABE3FC20}.Debug|Any CPU.ActiveCfg = Debug|Any CPU
		{C05F9978-727A-4B64-9CC6-083CABE3FC20}.Debug|Any CPU.Build.0 = Debug|Any CPU
		{C05F9978-727A-4B64-9CC6-083CABE3FC20}.Release|Any CPU.ActiveCfg = Release|Any CPU
		{C05F9978-727A-4B64-9CC6-083CABE3FC20}.Release|Any CPU.Build.0 = Release|Any CPU
	EndGlobalSection
	GlobalSection(SolutionProperties) = preSolution
		HideSolutionNode = FALSE
	EndGlobalSection
	GlobalSection(ExtensibilityGlobals) = postSolution
		SolutionGuid = {3C7771C3-1F84-4204-B8EC-6127B479E6BE}
	EndGlobalSection
EndGlobal
